
Microsoft Visual Studio Solution File, Format Version 12.00
# Visual Studio Version 17
VisualStudioVersion = 17.2.32630.192
MinimumVisualStudioVersion = 10.0.40219.1
Project("{FAE04EC0-301F-11D3-BF4B-00C04F79EFBC}") = "WebApplication1", "WebApplication1\WebApplication1.csproj", "{B299ED2D-B88F-407C-876F-C9FD5AADA52F}"
EndProject
Global
	GlobalSection(SolutionConfigurationPlatforms) = preSolution
		Debug|Any CPU = Debug|Any CPU
		Release|Any CPU = Release|Any CPU
	EndGlobalSection
	GlobalSection(ProjectConfigurationPlatforms) = postSolution
		{B299ED2D-B88F-407C-876F-C9FD5AADA52F}.Debug|Any CPU.ActiveCfg = Debug|Any CPU
		{B299ED2D-B88F-407C-876F-C9FD5AADA52F}.Debug|Any CPU.Build.0 = Debug|Any CPU
		{B299ED2D-B88F-407C-876F-C9FD5AADA52F}.Release|Any CPU.ActiveCfg = Release|Any CPU
		{B299ED2D-B88F-407C-876F-C9FD5AADA52F}.Release|Any CPU.Build.0 = Release|Any CPU
	EndGlobalSection
	GlobalSection(SolutionProperties) = preSolution
		HideSolutionNode = FALSE
	EndGlobalSection
	GlobalSection(ExtensibilityGlobals) = postSolution
		SolutionGuid = {F47882ED-A907-482B-A15A-CB9E48823A92}
	EndGlobalSection
EndGlobal
